// !$*UTF8*$!
{
	archiveVersion = 1;
	classes = {
	};
	objectVersion = 55;
	objects = {

/* Begin PBXBuildFile section */
		3DF223472810A265009418FF /* AppDelegate.swift in Sources */ = {isa = PBXBuildFile; fileRef = 3DF223462810A265009418FF /* AppDelegate.swift */; };
		3DF2234B2810A265009418FF /* MapVC.swift in Sources */ = {isa = PBXBuildFile; fileRef = 3DF2234A2810A265009418FF /* MapVC.swift */; };
		3DF223502810A267009418FF /* Assets.xcassets in Resources */ = {isa = PBXBuildFile; fileRef = 3DF2234F2810A267009418FF /* Assets.xcassets */; };
		3DF223532810A267009418FF /* LaunchScreen.storyboard in Resources */ = {isa = PBXBuildFile; fileRef = 3DF223512810A267009418FF /* LaunchScreen.storyboard */; };
		3DF223682810A267009418FF /* vehicleFinderUITests.swift in Sources */ = {isa = PBXBuildFile; fileRef = 3DF223672810A267009418FF /* vehicleFinderUITests.swift */; };
		3DF2236A2810A267009418FF /* vehicleFinderUITestsLaunchTests.swift in Sources */ = {isa = PBXBuildFile; fileRef = 3DF223692810A267009418FF /* vehicleFinderUITestsLaunchTests.swift */; };
		3DF2237E2810A76C009418FF /* GeneralError.swift in Sources */ = {isa = PBXBuildFile; fileRef = 3DF2237D2810A76C009418FF /* GeneralError.swift */; };
		3DF223802810A789009418FF /* Networker.swift in Sources */ = {isa = PBXBuildFile; fileRef = 3DF2237F2810A789009418FF /* Networker.swift */; };
		3DF223822810A7DB009418FF /* Utils.swift in Sources */ = {isa = PBXBuildFile; fileRef = 3DF223812810A7DB009418FF /* Utils.swift */; };
		3DF223842810A827009418FF /* StringConstatns.swift in Sources */ = {isa = PBXBuildFile; fileRef = 3DF223832810A827009418FF /* StringConstatns.swift */; };
		3DF223882810AA3C009418FF /* APIEndpoints.swift in Sources */ = {isa = PBXBuildFile; fileRef = 3DF223872810AA3C009418FF /* APIEndpoints.swift */; };
		3DF2238A2810ABBB009418FF /* APIConstants.swift in Sources */ = {isa = PBXBuildFile; fileRef = 3DF223892810ABBB009418FF /* APIConstants.swift */; };
		3DF2238C2810ACC6009418FF /* DefaultScooterRepository.swift in Sources */ = {isa = PBXBuildFile; fileRef = 3DF2238B2810ACC6009418FF /* DefaultScooterRepository.swift */; };
		3DF2238F2810AD0F009418FF /* ScooterRepository.swift in Sources */ = {isa = PBXBuildFile; fileRef = 3DF2238E2810AD0F009418FF /* ScooterRepository.swift */; };
		3DF223912810AD54009418FF /* VehicleModel.swift in Sources */ = {isa = PBXBuildFile; fileRef = 3DF223902810AD54009418FF /* VehicleModel.swift */; };
		3DF223942810B14E009418FF /* ResponseModel.swift in Sources */ = {isa = PBXBuildFile; fileRef = 3DF223932810B14E009418FF /* ResponseModel.swift */; };
		3DF223972810B2A5009418FF /* FetchScooterListUseCase.swift in Sources */ = {isa = PBXBuildFile; fileRef = 3DF223962810B2A5009418FF /* FetchScooterListUseCase.swift */; };
		3DF2239B2810BF23009418FF /* MapViewModel.swift in Sources */ = {isa = PBXBuildFile; fileRef = 3DF2239A2810BF23009418FF /* MapViewModel.swift */; };
		3DF2239D2810C204009418FF /* AppFactory.swift in Sources */ = {isa = PBXBuildFile; fileRef = 3DF2239C2810C204009418FF /* AppFactory.swift */; };
		3DF223A02810C463009418FF /* ApplicationExtension.swift in Sources */ = {isa = PBXBuildFile; fileRef = 3DF2239F2810C463009418FF /* ApplicationExtension.swift */; };
		3DF223A22810C6B7009418FF /* LoadingView.swift in Sources */ = {isa = PBXBuildFile; fileRef = 3DF223A12810C6B7009418FF /* LoadingView.swift */; };
		3DF223A528115F4F009418FF /* VehicleAnnotation.swift in Sources */ = {isa = PBXBuildFile; fileRef = 3DF223A428115F4F009418FF /* VehicleAnnotation.swift */; };
		3DF223A728116976009418FF /* MapKitExtension.swift in Sources */ = {isa = PBXBuildFile; fileRef = 3DF223A628116976009418FF /* MapKitExtension.swift */; };
		3DF223A928116B8C009418FF /* VehicleAttributesModel.swift in Sources */ = {isa = PBXBuildFile; fileRef = 3DF223A828116B8C009418FF /* VehicleAttributesModel.swift */; };
		3DF223AD28131F25009418FF /* LocationManagerUseCase.swift in Sources */ = {isa = PBXBuildFile; fileRef = 3DF223AC28131F25009418FF /* LocationManagerUseCase.swift */; };
		3DF223B028133CA8009418FF /* RepositoriesTest.swift in Sources */ = {isa = PBXBuildFile; fileRef = 3DF223AF28133CA8009418FF /* RepositoriesTest.swift */; };
		3DF223B228133CD7009418FF /* TestMockData.swift in Sources */ = {isa = PBXBuildFile; fileRef = 3DF223B128133CD7009418FF /* TestMockData.swift */; };
/* End PBXBuildFile section */

/* Begin PBXContainerItemProxy section */
		3DF2235A2810A267009418FF /* PBXContainerItemProxy */ = {
			isa = PBXContainerItemProxy;
			containerPortal = 3DF2233B2810A265009418FF /* Project object */;
			proxyType = 1;
			remoteGlobalIDString = 3DF223422810A265009418FF;
			remoteInfo = vehicleFinder;
		};
		3DF223642810A267009418FF /* PBXContainerItemProxy */ = {
			isa = PBXContainerItemProxy;
			containerPortal = 3DF2233B2810A265009418FF /* Project object */;
			proxyType = 1;
			remoteGlobalIDString = 3DF223422810A265009418FF;
			remoteInfo = vehicleFinder;
		};
/* End PBXContainerItemProxy section */

/* Begin PBXFileReference section */
		3DF223432810A265009418FF /* vehicleFinder.app */ = {isa = PBXFileReference; explicitFileType = wrapper.application; includeInIndex = 0; path = vehicleFinder.app; sourceTree = BUILT_PRODUCTS_DIR; };
		3DF223462810A265009418FF /* AppDelegate.swift */ = {isa = PBXFileReference; lastKnownFileType = sourcecode.swift; path = AppDelegate.swift; sourceTree = "<group>"; };
		3DF2234A2810A265009418FF /* MapVC.swift */ = {isa = PBXFileReference; lastKnownFileType = sourcecode.swift; path = MapVC.swift; sourceTree = "<group>"; };
		3DF2234F2810A267009418FF /* Assets.xcassets */ = {isa = PBXFileReference; lastKnownFileType = folder.assetcatalog; path = Assets.xcassets; sourceTree = "<group>"; };
		3DF223522810A267009418FF /* Base */ = {isa = PBXFileReference; lastKnownFileType = file.storyboard; name = Base; path = Base.lproj/LaunchScreen.storyboard; sourceTree = "<group>"; };
		3DF223542810A267009418FF /* Info.plist */ = {isa = PBXFileReference; lastKnownFileType = text.plist.xml; path = Info.plist; sourceTree = "<group>"; };
		3DF223592810A267009418FF /* vehicleFinderTests.xctest */ = {isa = PBXFileReference; explicitFileType = wrapper.cfbundle; includeInIndex = 0; path = vehicleFinderTests.xctest; sourceTree = BUILT_PRODUCTS_DIR; };
		3DF223632810A267009418FF /* vehicleFinderUITests.xctest */ = {isa = PBXFileReference; explicitFileType = wrapper.cfbundle; includeInIndex = 0; path = vehicleFinderUITests.xctest; sourceTree = BUILT_PRODUCTS_DIR; };
		3DF223672810A267009418FF /* vehicleFinderUITests.swift */ = {isa = PBXFileReference; lastKnownFileType = sourcecode.swift; path = vehicleFinderUITests.swift; sourceTree = "<group>"; };
		3DF223692810A267009418FF /* vehicleFinderUITestsLaunchTests.swift */ = {isa = PBXFileReference; lastKnownFileType = sourcecode.swift; path = vehicleFinderUITestsLaunchTests.swift; sourceTree = "<group>"; };
		3DF2237D2810A76C009418FF /* GeneralError.swift */ = {isa = PBXFileReference; lastKnownFileType = sourcecode.swift; path = GeneralError.swift; sourceTree = "<group>"; };
		3DF2237F2810A789009418FF /* Networker.swift */ = {isa = PBXFileReference; lastKnownFileType = sourcecode.swift; path = Networker.swift; sourceTree = "<group>"; };
		3DF223812810A7DB009418FF /* Utils.swift */ = {isa = PBXFileReference; lastKnownFileType = sourcecode.swift; path = Utils.swift; sourceTree = "<group>"; };
		3DF223832810A827009418FF /* StringConstatns.swift */ = {isa = PBXFileReference; lastKnownFileType = sourcecode.swift; path = StringConstatns.swift; sourceTree = "<group>"; };
		3DF223872810AA3C009418FF /* APIEndpoints.swift */ = {isa = PBXFileReference; lastKnownFileType = sourcecode.swift; path = APIEndpoints.swift; sourceTree = "<group>"; };
		3DF223892810ABBB009418FF /* APIConstants.swift */ = {isa = PBXFileReference; lastKnownFileType = sourcecode.swift; path = APIConstants.swift; sourceTree = "<group>"; };
		3DF2238B2810ACC6009418FF /* DefaultScooterRepository.swift */ = {isa = PBXFileReference; lastKnownFileType = sourcecode.swift; path = DefaultScooterRepository.swift; sourceTree = "<group>"; };
		3DF2238E2810AD0F009418FF /* ScooterRepository.swift */ = {isa = PBXFileReference; lastKnownFileType = sourcecode.swift; path = ScooterRepository.swift; sourceTree = "<group>"; };
		3DF223902810AD54009418FF /* VehicleModel.swift */ = {isa = PBXFileReference; lastKnownFileType = sourcecode.swift; path = VehicleModel.swift; sourceTree = "<group>"; };
		3DF223932810B14E009418FF /* ResponseModel.swift */ = {isa = PBXFileReference; lastKnownFileType = sourcecode.swift; path = ResponseModel.swift; sourceTree = "<group>"; };
		3DF223962810B2A5009418FF /* FetchScooterListUseCase.swift */ = {isa = PBXFileReference; lastKnownFileType = sourcecode.swift; path = FetchScooterListUseCase.swift; sourceTree = "<group>"; };
		3DF2239A2810BF23009418FF /* MapViewModel.swift */ = {isa = PBXFileReference; lastKnownFileType = sourcecode.swift; path = MapViewModel.swift; sourceTree = "<group>"; };
		3DF2239C2810C204009418FF /* AppFactory.swift */ = {isa = PBXFileReference; lastKnownFileType = sourcecode.swift; path = AppFactory.swift; sourceTree = "<group>"; };
		3DF2239F2810C463009418FF /* ApplicationExtension.swift */ = {isa = PBXFileReference; lastKnownFileType = sourcecode.swift; path = ApplicationExtension.swift; sourceTree = "<group>"; };
		3DF223A12810C6B7009418FF /* LoadingView.swift */ = {isa = PBXFileReference; lastKnownFileType = sourcecode.swift; path = LoadingView.swift; sourceTree = "<group>"; };
		3DF223A428115F4F009418FF /* VehicleAnnotation.swift */ = {isa = PBXFileReference; lastKnownFileType = sourcecode.swift; path = VehicleAnnotation.swift; sourceTree = "<group>"; };
		3DF223A628116976009418FF /* MapKitExtension.swift */ = {isa = PBXFileReference; lastKnownFileType = sourcecode.swift; path = MapKitExtension.swift; sourceTree = "<group>"; };
		3DF223A828116B8C009418FF /* VehicleAttributesModel.swift */ = {isa = PBXFileReference; lastKnownFileType = sourcecode.swift; path = VehicleAttributesModel.swift; sourceTree = "<group>"; };
		3DF223AC28131F25009418FF /* LocationManagerUseCase.swift */ = {isa = PBXFileReference; lastKnownFileType = sourcecode.swift; path = LocationManagerUseCase.swift; sourceTree = "<group>"; };
		3DF223AF28133CA8009418FF /* RepositoriesTest.swift */ = {isa = PBXFileReference; lastKnownFileType = sourcecode.swift; path = RepositoriesTest.swift; sourceTree = "<group>"; };
		3DF223B128133CD7009418FF /* TestMockData.swift */ = {isa = PBXFileReference; lastKnownFileType = sourcecode.swift; path = TestMockData.swift; sourceTree = "<group>"; };
/* End PBXFileReference section */

/* Begin PBXFrameworksBuildPhase section */
		3DF223402810A265009418FF /* Frameworks */ = {
			isa = PBXFrameworksBuildPhase;
			buildActionMask = 2147483647;
			files = (
			);
			runOnlyForDeploymentPostprocessing = 0;
		};
		3DF223562810A267009418FF /* Frameworks */ = {
			isa = PBXFrameworksBuildPhase;
			buildActionMask = 2147483647;
			files = (
			);
			runOnlyForDeploymentPostprocessing = 0;
		};
		3DF223602810A267009418FF /* Frameworks */ = {
			isa = PBXFrameworksBuildPhase;
			buildActionMask = 2147483647;
			files = (
			);
			runOnlyForDeploymentPostprocessing = 0;
		};
/* End PBXFrameworksBuildPhase section */

/* Begin PBXGroup section */
		3DF2233A2810A265009418FF = {
			isa = PBXGroup;
			children = (
				3DF223452810A265009418FF /* vehicleFinder */,
				3DF2235C2810A267009418FF /* vehicleFinderTests */,
				3DF223662810A267009418FF /* vehicleFinderUITests */,
				3DF223442810A265009418FF /* Products */,
			);
			sourceTree = "<group>";
		};
		3DF223442810A265009418FF /* Products */ = {
			isa = PBXGroup;
			children = (
				3DF223432810A265009418FF /* vehicleFinder.app */,
				3DF223592810A267009418FF /* vehicleFinderTests.xctest */,
				3DF223632810A267009418FF /* vehicleFinderUITests.xctest */,
			);
			name = Products;
			sourceTree = "<group>";
		};
		3DF223452810A265009418FF /* vehicleFinder */ = {
			isa = PBXGroup;
			children = (
				3DF223792810A698009418FF /* Application */,
				3DF223782810A68E009418FF /* Presentation */,
				3DF223772810A687009418FF /* Domain */,
				3DF223762810A681009418FF /* Data */,
				3DF2237B2810A6B4009418FF /* Common */,
				3DF2237A2810A6A2009418FF /* Infrastructure */,
				3DF2237C2810A6E1009418FF /* Resources */,
			);
			path = vehicleFinder;
			sourceTree = "<group>";
		};
		3DF2235C2810A267009418FF /* vehicleFinderTests */ = {
			isa = PBXGroup;
			children = (
				3DF223AF28133CA8009418FF /* RepositoriesTest.swift */,
				3DF223B128133CD7009418FF /* TestMockData.swift */,
			);
			path = vehicleFinderTests;
			sourceTree = "<group>";
		};
		3DF223662810A267009418FF /* vehicleFinderUITests */ = {
			isa = PBXGroup;
			children = (
				3DF223672810A267009418FF /* vehicleFinderUITests.swift */,
				3DF223692810A267009418FF /* vehicleFinderUITestsLaunchTests.swift */,
			);
			path = vehicleFinderUITests;
			sourceTree = "<group>";
		};
		3DF223762810A681009418FF /* Data */ = {
			isa = PBXGroup;
			children = (
				3DF223852810AA12009418FF /* Repository */,
				3DF223862810AA24009418FF /* Network */,
			);
			path = Data;
			sourceTree = "<group>";
		};
		3DF223772810A687009418FF /* Domain */ = {
			isa = PBXGroup;
			children = (
				3DF223952810B287009418FF /* UseCases */,
				3DF223922810AD5A009418FF /* Entities */,
				3DF2238D2810ACFE009418FF /* Interfaces */,
			);
			path = Domain;
			sourceTree = "<group>";
		};
		3DF223782810A68E009418FF /* Presentation */ = {
			isa = PBXGroup;
			children = (
				3DF223982810BBB1009418FF /* View */,
				3DF223992810BBC9009418FF /* ViewModel */,
			);
			path = Presentation;
			sourceTree = "<group>";
		};
		3DF223792810A698009418FF /* Application */ = {
			isa = PBXGroup;
			children = (
				3DF223462810A265009418FF /* AppDelegate.swift */,
				3DF2239C2810C204009418FF /* AppFactory.swift */,
			);
			path = Application;
			sourceTree = "<group>";
		};
		3DF2237A2810A6A2009418FF /* Infrastructure */ = {
			isa = PBXGroup;
			children = (
				3DF2237D2810A76C009418FF /* GeneralError.swift */,
				3DF2237F2810A789009418FF /* Networker.swift */,
				3DF223812810A7DB009418FF /* Utils.swift */,
			);
			path = Infrastructure;
			sourceTree = "<group>";
		};
		3DF2237B2810A6B4009418FF /* Common */ = {
			isa = PBXGroup;
			children = (
				3DF2239E2810C43E009418FF /* Extensions */,
				3DF223832810A827009418FF /* StringConstatns.swift */,
				3DF223892810ABBB009418FF /* APIConstants.swift */,
			);
			path = Common;
			sourceTree = "<group>";
		};
		3DF2237C2810A6E1009418FF /* Resources */ = {
			isa = PBXGroup;
			children = (
				3DF223542810A267009418FF /* Info.plist */,
				3DF2234F2810A267009418FF /* Assets.xcassets */,
				3DF223512810A267009418FF /* LaunchScreen.storyboard */,
			);
			path = Resources;
			sourceTree = "<group>";
		};
		3DF223852810AA12009418FF /* Repository */ = {
			isa = PBXGroup;
			children = (
				3DF2238B2810ACC6009418FF /* DefaultScooterRepository.swift */,
			);
			path = Repository;
			sourceTree = "<group>";
		};
		3DF223862810AA24009418FF /* Network */ = {
			isa = PBXGroup;
			children = (
				3DF223872810AA3C009418FF /* APIEndpoints.swift */,
			);
			path = Network;
			sourceTree = "<group>";
		};
		3DF2238D2810ACFE009418FF /* Interfaces */ = {
			isa = PBXGroup;
			children = (
				3DF2238E2810AD0F009418FF /* ScooterRepository.swift */,
			);
			path = Interfaces;
			sourceTree = "<group>";
		};
		3DF223922810AD5A009418FF /* Entities */ = {
			isa = PBXGroup;
			children = (
				3DF223902810AD54009418FF /* VehicleModel.swift */,
				3DF223932810B14E009418FF /* ResponseModel.swift */,
				3DF223A828116B8C009418FF /* VehicleAttributesModel.swift */,
				3DF223A428115F4F009418FF /* VehicleAnnotation.swift */,
			);
			path = Entities;
			sourceTree = "<group>";
		};
		3DF223952810B287009418FF /* UseCases */ = {
			isa = PBXGroup;
			children = (
				3DF223962810B2A5009418FF /* FetchScooterListUseCase.swift */,
				3DF223AC28131F25009418FF /* LocationManagerUseCase.swift */,
			);
			path = UseCases;
			sourceTree = "<group>";
		};
		3DF223982810BBB1009418FF /* View */ = {
			isa = PBXGroup;
			children = (
				3DF2234A2810A265009418FF /* MapVC.swift */,
				3DF223A12810C6B7009418FF /* LoadingView.swift */,
			);
			path = View;
			sourceTree = "<group>";
		};
		3DF223992810BBC9009418FF /* ViewModel */ = {
			isa = PBXGroup;
			children = (
				3DF2239A2810BF23009418FF /* MapViewModel.swift */,
			);
			path = ViewModel;
			sourceTree = "<group>";
		};
		3DF2239E2810C43E009418FF /* Extensions */ = {
			isa = PBXGroup;
			children = (
				3DF2239F2810C463009418FF /* ApplicationExtension.swift */,
				3DF223A628116976009418FF /* MapKitExtension.swift */,
			);
			path = Extensions;
			sourceTree = "<group>";
		};
/* End PBXGroup section */

/* Begin PBXNativeTarget section */
		3DF223422810A265009418FF /* vehicleFinder */ = {
			isa = PBXNativeTarget;
			buildConfigurationList = 3DF2236D2810A267009418FF /* Build configuration list for PBXNativeTarget "vehicleFinder" */;
			buildPhases = (
				3DF2233F2810A265009418FF /* Sources */,
				3DF223402810A265009418FF /* Frameworks */,
				3DF223412810A265009418FF /* Resources */,
			);
			buildRules = (
			);
			dependencies = (
			);
			name = vehicleFinder;
			productName = vehicleFinder;
			productReference = 3DF223432810A265009418FF /* vehicleFinder.app */;
			productType = "com.apple.product-type.application";
		};
		3DF223582810A267009418FF /* vehicleFinderTests */ = {
			isa = PBXNativeTarget;
			buildConfigurationList = 3DF223702810A267009418FF /* Build configuration list for PBXNativeTarget "vehicleFinderTests" */;
			buildPhases = (
				3DF223552810A267009418FF /* Sources */,
				3DF223562810A267009418FF /* Frameworks */,
				3DF223572810A267009418FF /* Resources */,
			);
			buildRules = (
			);
			dependencies = (
				3DF2235B2810A267009418FF /* PBXTargetDependency */,
			);
			name = vehicleFinderTests;
			productName = vehicleFinderTests;
			productReference = 3DF223592810A267009418FF /* vehicleFinderTests.xctest */;
			productType = "com.apple.product-type.bundle.unit-test";
		};
		3DF223622810A267009418FF /* vehicleFinderUITests */ = {
			isa = PBXNativeTarget;
			buildConfigurationList = 3DF223732810A267009418FF /* Build configuration list for PBXNativeTarget "vehicleFinderUITests" */;
			buildPhases = (
				3DF2235F2810A267009418FF /* Sources */,
				3DF223602810A267009418FF /* Frameworks */,
				3DF223612810A267009418FF /* Resources */,
			);
			buildRules = (
			);
			dependencies = (
				3DF223652810A267009418FF /* PBXTargetDependency */,
			);
			name = vehicleFinderUITests;
			productName = vehicleFinderUITests;
			productReference = 3DF223632810A267009418FF /* vehicleFinderUITests.xctest */;
			productType = "com.apple.product-type.bundle.ui-testing";
		};
/* End PBXNativeTarget section */

/* Begin PBXProject section */
		3DF2233B2810A265009418FF /* Project object */ = {
			isa = PBXProject;
			attributes = {
				BuildIndependentTargetsInParallel = 1;
				LastSwiftUpdateCheck = 1330;
				LastUpgradeCheck = 1330;
				TargetAttributes = {
					3DF223422810A265009418FF = {
						CreatedOnToolsVersion = 13.3;
					};
					3DF223582810A267009418FF = {
						CreatedOnToolsVersion = 13.3;
						TestTargetID = 3DF223422810A265009418FF;
					};
					3DF223622810A267009418FF = {
						CreatedOnToolsVersion = 13.3;
						TestTargetID = 3DF223422810A265009418FF;
					};
				};
			};
			buildConfigurationList = 3DF2233E2810A265009418FF /* Build configuration list for PBXProject "vehicleFinder" */;
			compatibilityVersion = "Xcode 13.0";
			developmentRegion = en;
			hasScannedForEncodings = 0;
			knownRegions = (
				en,
				Base,
			);
			mainGroup = 3DF2233A2810A265009418FF;
			productRefGroup = 3DF223442810A265009418FF /* Products */;
			projectDirPath = "";
			projectRoot = "";
			targets = (
				3DF223422810A265009418FF /* vehicleFinder */,
				3DF223582810A267009418FF /* vehicleFinderTests */,
				3DF223622810A267009418FF /* vehicleFinderUITests */,
			);
		};
/* End PBXProject section */

/* Begin PBXResourcesBuildPhase section */
		3DF223412810A265009418FF /* Resources */ = {
			isa = PBXResourcesBuildPhase;
			buildActionMask = 2147483647;
			files = (
				3DF223532810A267009418FF /* LaunchScreen.storyboard in Resources */,
				3DF223502810A267009418FF /* Assets.xcassets in Resources */,
			);
			runOnlyForDeploymentPostprocessing = 0;
		};
		3DF223572810A267009418FF /* Resources */ = {
			isa = PBXResourcesBuildPhase;
			buildActionMask = 2147483647;
			files = (
			);
			runOnlyForDeploymentPostprocessing = 0;
		};
		3DF223612810A267009418FF /* Resources */ = {
			isa = PBXResourcesBuildPhase;
			buildActionMask = 2147483647;
			files = (
			);
			runOnlyForDeploymentPostprocessing = 0;
		};
/* End PBXResourcesBuildPhase section */

/* Begin PBXSourcesBuildPhase section */
		3DF2233F2810A265009418FF /* Sources */ = {
			isa = PBXSourcesBuildPhase;
			buildActionMask = 2147483647;
			files = (
				3DF223822810A7DB009418FF /* Utils.swift in Sources */,
				3DF223882810AA3C009418FF /* APIEndpoints.swift in Sources */,
				3DF2234B2810A265009418FF /* MapVC.swift in Sources */,
				3DF223A928116B8C009418FF /* VehicleAttributesModel.swift in Sources */,
				3DF223472810A265009418FF /* AppDelegate.swift in Sources */,
				3DF223A728116976009418FF /* MapKitExtension.swift in Sources */,
				3DF223A22810C6B7009418FF /* LoadingView.swift in Sources */,
				3DF2238A2810ABBB009418FF /* APIConstants.swift in Sources */,
				3DF2238C2810ACC6009418FF /* DefaultScooterRepository.swift in Sources */,
				3DF223A02810C463009418FF /* ApplicationExtension.swift in Sources */,
				3DF2237E2810A76C009418FF /* GeneralError.swift in Sources */,
				3DF2238F2810AD0F009418FF /* ScooterRepository.swift in Sources */,
				3DF223912810AD54009418FF /* VehicleModel.swift in Sources */,
				3DF2239D2810C204009418FF /* AppFactory.swift in Sources */,
				3DF223842810A827009418FF /* StringConstatns.swift in Sources */,
				3DF223AD28131F25009418FF /* LocationManagerUseCase.swift in Sources */,
				3DF223942810B14E009418FF /* ResponseModel.swift in Sources */,
				3DF2239B2810BF23009418FF /* MapViewModel.swift in Sources */,
				3DF223A528115F4F009418FF /* VehicleAnnotation.swift in Sources */,
				3DF223802810A789009418FF /* Networker.swift in Sources */,
				3DF223972810B2A5009418FF /* FetchScooterListUseCase.swift in Sources */,
			);
			runOnlyForDeploymentPostprocessing = 0;
		};
		3DF223552810A267009418FF /* Sources */ = {
			isa = PBXSourcesBuildPhase;
			buildActionMask = 2147483647;
			files = (
				3DF223B228133CD7009418FF /* TestMockData.swift in Sources */,
				3DF223B028133CA8009418FF /* RepositoriesTest.swift in Sources */,
			);
			runOnlyForDeploymentPostprocessing = 0;
		};
		3DF2235F2810A267009418FF /* Sources */ = {
			isa = PBXSourcesBuildPhase;
			buildActionMask = 2147483647;
			files = (
				3DF223682810A267009418FF /* vehicleFinderUITests.swift in Sources */,
				3DF2236A2810A267009418FF /* vehicleFinderUITestsLaunchTests.swift in Sources */,
			);
			runOnlyForDeploymentPostprocessing = 0;
		};
/* End PBXSourcesBuildPhase section */

/* Begin PBXTargetDependency section */
		3DF2235B2810A267009418FF /* PBXTargetDependency */ = {
			isa = PBXTargetDependency;
			target = 3DF223422810A265009418FF /* vehicleFinder */;
			targetProxy = 3DF2235A2810A267009418FF /* PBXContainerItemProxy */;
		};
		3DF223652810A267009418FF /* PBXTargetDependency */ = {
			isa = PBXTargetDependency;
			target = 3DF223422810A265009418FF /* vehicleFinder */;
			targetProxy = 3DF223642810A267009418FF /* PBXContainerItemProxy */;
		};
/* End PBXTargetDependency section */

/* Begin PBXVariantGroup section */
		3DF223512810A267009418FF /* LaunchScreen.storyboard */ = {
			isa = PBXVariantGroup;
			children = (
				3DF223522810A267009418FF /* Base */,
			);
			name = LaunchScreen.storyboard;
			sourceTree = "<group>";
		};
/* End PBXVariantGroup section */

/* Begin XCBuildConfiguration section */
		3DF2236B2810A267009418FF /* Debug */ = {
			isa = XCBuildConfiguration;
			buildSettings = {
				ALWAYS_SEARCH_USER_PATHS = NO;
				CLANG_ANALYZER_NONNULL = YES;
				CLANG_ANALYZER_NUMBER_OBJECT_CONVERSION = YES_AGGRESSIVE;
				CLANG_CXX_LANGUAGE_STANDARD = "gnu++17";
				CLANG_ENABLE_MODULES = YES;
				CLANG_ENABLE_OBJC_ARC = YES;
				CLANG_ENABLE_OBJC_WEAK = YES;
				CLANG_WARN_BLOCK_CAPTURE_AUTORELEASING = YES;
				CLANG_WARN_BOOL_CONVERSION = YES;
				CLANG_WARN_COMMA = YES;
				CLANG_WARN_CONSTANT_CONVERSION = YES;
				CLANG_WARN_DEPRECATED_OBJC_IMPLEMENTATIONS = YES;
				CLANG_WARN_DIRECT_OBJC_ISA_USAGE = YES_ERROR;
				CLANG_WARN_DOCUMENTATION_COMMENTS = YES;
				CLANG_WARN_EMPTY_BODY = YES;
				CLANG_WARN_ENUM_CONVERSION = YES;
				CLANG_WARN_INFINITE_RECURSION = YES;
				CLANG_WARN_INT_CONVERSION = YES;
				CLANG_WARN_NON_LITERAL_NULL_CONVERSION = YES;
				CLANG_WARN_OBJC_IMPLICIT_RETAIN_SELF = YES;
				CLANG_WARN_OBJC_LITERAL_CONVERSION = YES;
				CLANG_WARN_OBJC_ROOT_CLASS = YES_ERROR;
				CLANG_WARN_QUOTED_INCLUDE_IN_FRAMEWORK_HEADER = YES;
				CLANG_WARN_RANGE_LOOP_ANALYSIS = YES;
				CLANG_WARN_STRICT_PROTOTYPES = YES;
				CLANG_WARN_SUSPICIOUS_MOVE = YES;
				CLANG_WARN_UNGUARDED_AVAILABILITY = YES_AGGRESSIVE;
				CLANG_WARN_UNREACHABLE_CODE = YES;
				CLANG_WARN__DUPLICATE_METHOD_MATCH = YES;
				COPY_PHASE_STRIP = NO;
				DEBUG_INFORMATION_FORMAT = dwarf;
				ENABLE_STRICT_OBJC_MSGSEND = YES;
				ENABLE_TESTABILITY = YES;
				GCC_C_LANGUAGE_STANDARD = gnu11;
				GCC_DYNAMIC_NO_PIC = NO;
				GCC_NO_COMMON_BLOCKS = YES;
				GCC_OPTIMIZATION_LEVEL = 0;
				GCC_PREPROCESSOR_DEFINITIONS = (
					"DEBUG=1",
					"$(inherited)",
				);
				GCC_WARN_64_TO_32_BIT_CONVERSION = YES;
				GCC_WARN_ABOUT_RETURN_TYPE = YES_ERROR;
				GCC_WARN_UNDECLARED_SELECTOR = YES;
				GCC_WARN_UNINITIALIZED_AUTOS = YES_AGGRESSIVE;
				GCC_WARN_UNUSED_FUNCTION = YES;
				GCC_WARN_UNUSED_VARIABLE = YES;
				IPHONEOS_DEPLOYMENT_TARGET = 15.4;
				MTL_ENABLE_DEBUG_INFO = INCLUDE_SOURCE;
				MTL_FAST_MATH = YES;
				ONLY_ACTIVE_ARCH = YES;
				SDKROOT = iphoneos;
				SWIFT_ACTIVE_COMPILATION_CONDITIONS = DEBUG;
				SWIFT_OPTIMIZATION_LEVEL = "-Onone";
			};
			name = Debug;
		};
		3DF2236C2810A267009418FF /* Release */ = {
			isa = XCBuildConfiguration;
			buildSettings = {
				ALWAYS_SEARCH_USER_PATHS = NO;
				CLANG_ANALYZER_NONNULL = YES;
				CLANG_ANALYZER_NUMBER_OBJECT_CONVERSION = YES_AGGRESSIVE;
				CLANG_CXX_LANGUAGE_STANDARD = "gnu++17";
				CLANG_ENABLE_MODULES = YES;
				CLANG_ENABLE_OBJC_ARC = YES;
				CLANG_ENABLE_OBJC_WEAK = YES;
				CLANG_WARN_BLOCK_CAPTURE_AUTORELEASING = YES;
				CLANG_WARN_BOOL_CONVERSION = YES;
				CLANG_WARN_COMMA = YES;
				CLANG_WARN_CONSTANT_CONVERSION = YES;
				CLANG_WARN_DEPRECATED_OBJC_IMPLEMENTATIONS = YES;
				CLANG_WARN_DIRECT_OBJC_ISA_USAGE = YES_ERROR;
				CLANG_WARN_DOCUMENTATION_COMMENTS = YES;
				CLANG_WARN_EMPTY_BODY = YES;
				CLANG_WARN_ENUM_CONVERSION = YES;
				CLANG_WARN_INFINITE_RECURSION = YES;
				CLANG_WARN_INT_CONVERSION = YES;
				CLANG_WARN_NON_LITERAL_NULL_CONVERSION = YES;
				CLANG_WARN_OBJC_IMPLICIT_RETAIN_SELF = YES;
				CLANG_WARN_OBJC_LITERAL_CONVERSION = YES;
				CLANG_WARN_OBJC_ROOT_CLASS = YES_ERROR;
				CLANG_WARN_QUOTED_INCLUDE_IN_FRAMEWORK_HEADER = YES;
				CLANG_WARN_RANGE_LOOP_ANALYSIS = YES;
				CLANG_WARN_STRICT_PROTOTYPES = YES;
				CLANG_WARN_SUSPICIOUS_MOVE = YES;
				CLANG_WARN_UNGUARDED_AVAILABILITY = YES_AGGRESSIVE;
				CLANG_WARN_UNREACHABLE_CODE = YES;
				CLANG_WARN__DUPLICATE_METHOD_MATCH = YES;
				COPY_PHASE_STRIP = NO;
				DEBUG_INFORMATION_FORMAT = "dwarf-with-dsym";
				ENABLE_NS_ASSERTIONS = NO;
				ENABLE_STRICT_OBJC_MSGSEND = YES;
				GCC_C_LANGUAGE_STANDARD = gnu11;
				GCC_NO_COMMON_BLOCKS = YES;
				GCC_WARN_64_TO_32_BIT_CONVERSION = YES;
				GCC_WARN_ABOUT_RETURN_TYPE = YES_ERROR;
				GCC_WARN_UNDECLARED_SELECTOR = YES;
				GCC_WARN_UNINITIALIZED_AUTOS = YES_AGGRESSIVE;
				GCC_WARN_UNUSED_FUNCTION = YES;
				GCC_WARN_UNUSED_VARIABLE = YES;
				IPHONEOS_DEPLOYMENT_TARGET = 15.4;
				MTL_ENABLE_DEBUG_INFO = NO;
				MTL_FAST_MATH = YES;
				SDKROOT = iphoneos;
				SWIFT_COMPILATION_MODE = wholemodule;
				SWIFT_OPTIMIZATION_LEVEL = "-O";
				VALIDATE_PRODUCT = YES;
			};
			name = Release;
		};
		3DF2236E2810A267009418FF /* Debug */ = {
			isa = XCBuildConfiguration;
			buildSettings = {
				ASSETCATALOG_COMPILER_APPICON_NAME = AppIcon;
				ASSETCATALOG_COMPILER_GLOBAL_ACCENT_COLOR_NAME = AccentColor;
				CODE_SIGN_STYLE = Automatic;
				CURRENT_PROJECT_VERSION = 1;
				DEVELOPMENT_TEAM = P3JL46M594;
				GENERATE_INFOPLIST_FILE = YES;
				INFOPLIST_FILE = vehicleFinder/Resources/Info.plist;
				INFOPLIST_KEY_CFBundleDisplayName = "Scooter Finder";
				INFOPLIST_KEY_NSLocationWhenInUseUsageDescription = "To find closest vehicle to you";
				INFOPLIST_KEY_UIApplicationSupportsIndirectInputEvents = YES;
				INFOPLIST_KEY_UILaunchStoryboardName = LaunchScreen;
				INFOPLIST_KEY_UISupportedInterfaceOrientations_iPad = "UIInterfaceOrientationPortrait UIInterfaceOrientationPortraitUpsideDown UIInterfaceOrientationLandscapeLeft UIInterfaceOrientationLandscapeRight";
				INFOPLIST_KEY_UISupportedInterfaceOrientations_iPhone = "UIInterfaceOrientationPortrait UIInterfaceOrientationLandscapeLeft UIInterfaceOrientationLandscapeRight";
				IPHONEOS_DEPLOYMENT_TARGET = 14.0;
				LD_RUNPATH_SEARCH_PATHS = (
					"$(inherited)",
					"@executable_path/Frameworks",
				);
				MARKETING_VERSION = 1.0;
				PRODUCT_BUNDLE_IDENTIFIER = com.zroyal.vehicleFinder;
				PRODUCT_NAME = "$(TARGET_NAME)";
				SWIFT_EMIT_LOC_STRINGS = YES;
				SWIFT_VERSION = 5.0;
				TARGETED_DEVICE_FAMILY = "1,2";
			};
			name = Debug;
		};
		3DF2236F2810A267009418FF /* Release */ = {
			isa = XCBuildConfiguration;
			buildSettings = {
				ASSETCATALOG_COMPILER_APPICON_NAME = AppIcon;
				ASSETCATALOG_COMPILER_GLOBAL_ACCENT_COLOR_NAME = AccentColor;
				CODE_SIGN_STYLE = Automatic;
				CURRENT_PROJECT_VERSION = 1;
				DEVELOPMENT_TEAM = P3JL46M594;
				GENERATE_INFOPLIST_FILE = YES;
				INFOPLIST_FILE = vehicleFinder/Resources/Info.plist;
				INFOPLIST_KEY_CFBundleDisplayName = "Scooter Finder";
				INFOPLIST_KEY_NSLocationWhenInUseUsageDescription = "To find closest vehicle to you";
				INFOPLIST_KEY_UIApplicationSupportsIndirectInputEvents = YES;
				INFOPLIST_KEY_UILaunchStoryboardName = LaunchScreen;
				INFOPLIST_KEY_UISupportedInterfaceOrientations_iPad = "UIInterfaceOrientationPortrait UIInterfaceOrientationPortraitUpsideDown UIInterfaceOrientationLandscapeLeft UIInterfaceOrientationLandscapeRight";
				INFOPLIST_KEY_UISupportedInterfaceOrientations_iPhone = "UIInterfaceOrientationPortrait UIInterfaceOrientationLandscapeLeft UIInterfaceOrientationLandscapeRight";
				IPHONEOS_DEPLOYMENT_TARGET = 14.0;
				LD_RUNPATH_SEARCH_PATHS = (
					"$(inherited)",
					"@executable_path/Frameworks",
				);
				MARKETING_VERSION = 1.0;
				PRODUCT_BUNDLE_IDENTIFIER = com.zroyal.vehicleFinder;
				PRODUCT_NAME = "$(TARGET_NAME)";
				SWIFT_EMIT_LOC_STRINGS = YES;
				SWIFT_VERSION = 5.0;
				TARGETED_DEVICE_FAMILY = "1,2";
			};
			name = Release;
		};
		3DF223712810A267009418FF /* Debug */ = {
			isa = XCBuildConfiguration;
			buildSettings = {
				ALWAYS_EMBED_SWIFT_STANDARD_LIBRARIES = YES;
				BUNDLE_LOADER = "$(TEST_HOST)";
				CODE_SIGN_STYLE = Automatic;
				CURRENT_PROJECT_VERSION = 1;
				DEVELOPMENT_TEAM = P3JL46M594;
				GENERATE_INFOPLIST_FILE = YES;
				IPHONEOS_DEPLOYMENT_TARGET = 15.4;
				MARKETING_VERSION = 1.0;
				PRODUCT_BUNDLE_IDENTIFIER = com.zroyal.vehicleFinderTests;
				PRODUCT_NAME = "$(TARGET_NAME)";
				SWIFT_EMIT_LOC_STRINGS = NO;
				SWIFT_VERSION = 5.0;
				TARGETED_DEVICE_FAMILY = "1,2";
				TEST_HOST = "$(BUILT_PRODUCTS_DIR)/vehicleFinder.app/vehicleFinder";
			};
			name = Debug;
		};
		3DF223722810A267009418FF /* Release */ = {
			isa = XCBuildConfiguration;
			buildSettings = {
				ALWAYS_EMBED_SWIFT_STANDARD_LIBRARIES = YES;
				BUNDLE_LOADER = "$(TEST_HOST)";
				CODE_SIGN_STYLE = Automatic;
				CURRENT_PROJECT_VERSION = 1;
				DEVELOPMENT_TEAM = P3JL46M594;
				GENERATE_INFOPLIST_FILE = YES;
				IPHONEOS_DEPLOYMENT_TARGET = 15.4;
				MARKETING_VERSION = 1.0;
				PRODUCT_BUNDLE_IDENTIFIER = com.zroyal.vehicleFinderTests;
				PRODUCT_NAME = "$(TARGET_NAME)";
				SWIFT_EMIT_LOC_STRINGS = NO;
				SWIFT_VERSION = 5.0;
				TARGETED_DEVICE_FAMILY = "1,2";
				TEST_HOST = "$(BUILT_PRODUCTS_DIR)/vehicleFinder.app/vehicleFinder";
			};
			name = Release;
		};
		3DF223742810A267009418FF /* Debug */ = {
			isa = XCBuildConfiguration;
			buildSettings = {
				ALWAYS_EMBED_SWIFT_STANDARD_LIBRARIES = YES;
				CODE_SIGN_STYLE = Automatic;
				CURRENT_PROJECT_VERSION = 1;
				DEVELOPMENT_TEAM = P3JL46M594;
				GENERATE_INFOPLIST_FILE = YES;
				MARKETING_VERSION = 1.0;
				PRODUCT_BUNDLE_IDENTIFIER = com.zroyal.vehicleFinderUITests;
				PRODUCT_NAME = "$(TARGET_NAME)";
				SWIFT_EMIT_LOC_STRINGS = NO;
				SWIFT_VERSION = 5.0;
				TARGETED_DEVICE_FAMILY = "1,2";
				TEST_TARGET_NAME = vehicleFinder;
			};
			name = Debug;
		};
		3DF223752810A267009418FF /* Release */ = {
			isa = XCBuildConfiguration;
			buildSettings = {
				ALWAYS_EMBED_SWIFT_STANDARD_LIBRARIES = YES;
				CODE_SIGN_STYLE = Automatic;
				CURRENT_PROJECT_VERSION = 1;
				DEVELOPMENT_TEAM = P3JL46M594;
				GENERATE_INFOPLIST_FILE = YES;
				MARKETING_VERSION = 1.0;
				PRODUCT_BUNDLE_IDENTIFIER = com.zroyal.vehicleFinderUITests;
				PRODUCT_NAME = "$(TARGET_NAME)";
				SWIFT_EMIT_LOC_STRINGS = NO;
				SWIFT_VERSION = 5.0;
				TARGETED_DEVICE_FAMILY = "1,2";
				TEST_TARGET_NAME = vehicleFinder;
			};
			name = Release;
		};
/* End XCBuildConfiguration section */

/* Begin XCConfigurationList section */
		3DF2233E2810A265009418FF /* Build configuration list for PBXProject "vehicleFinder" */ = {
			isa = XCConfigurationList;
			buildConfigurations = (
				3DF2236B2810A267009418FF /* Debug */,
				3DF2236C2810A267009418FF /* Release */,
			);
			defaultConfigurationIsVisible = 0;
			defaultConfigurationName = Release;
		};
		3DF2236D2810A267009418FF /* Build configuration list for PBXNativeTarget "vehicleFinder" */ = {
			isa = XCConfigurationList;
			buildConfigurations = (
				3DF2236E2810A267009418FF /* Debug */,
				3DF2236F2810A267009418FF /* Release */,
			);
			defaultConfigurationIsVisible = 0;
			defaultConfigurationName = Release;
		};
		3DF223702810A267009418FF /* Build configuration list for PBXNativeTarget "vehicleFinderTests" */ = {
			isa = XCConfigurationList;
			buildConfigurations = (
				3DF223712810A267009418FF /* Debug */,
				3DF223722810A267009418FF /* Release */,
			);
			defaultConfigurationIsVisible = 0;
			defaultConfigurationName = Release;
		};
		3DF223732810A267009418FF /* Build configuration list for PBXNativeTarget "vehicleFinderUITests" */ = {
			isa = XCConfigurationList;
			buildConfigurations = (
				3DF223742810A267009418FF /* Debug */,
				3DF223752810A267009418FF /* Release */,
			);
			defaultConfigurationIsVisible = 0;
			defaultConfigurationName = Release;
		};
/* End XCConfigurationList section */
	};
	rootObject = 3DF2233B2810A265009418FF /* Project object */;
}
